
Microsoft Visual Studio Solution File, Format Version 12.00
# Visual Studio 15
VisualStudioVersion = 15.0.27428.2011
MinimumVisualStudioVersion = 10.0.40219.1
Project("{FAE04EC0-301F-11D3-BF4B-00C04F79EFBC}") = "Recipes", "Recipes\Recipes.csproj", "{6333F7C6-E40A-48EC-BACD-D270AC789595}"
EndProject
Project("{FAE04EC0-301F-11D3-BF4B-00C04F79EFBC}") = "Recipes.Domain", "Recipes.Domain\Recipes.Domain.csproj", "{D1724CED-C826-48FC-8419-9B6FAC6CE887}"
EndProject
Global
	GlobalSection(SolutionConfigurationPlatforms) = preSolution
		Debug|Any CPU = Debug|Any CPU
		Release|Any CPU = Release|Any CPU
	EndGlobalSection
	GlobalSection(ProjectConfigurationPlatforms) = postSolution
		{6333F7C6-E40A-48EC-BACD-D270AC789595}.Debug|Any CPU.ActiveCfg = Debug|Any CPU
		{6333F7C6-E40A-48EC-BACD-D270AC789595}.Debug|Any CPU.Build.0 = Debug|Any CPU
		{6333F7C6-E40A-48EC-BACD-D270AC789595}.Release|Any CPU.ActiveCfg = Release|Any CPU
		{6333F7C6-E40A-48EC-BACD-D270AC789595}.Release|Any CPU.Build.0 = Release|Any CPU
		{D1724CED-C826-48FC-8419-9B6FAC6CE887}.Debug|Any CPU.ActiveCfg = Debug|Any CPU
		{D1724CED-C826-48FC-8419-9B6FAC6CE887}.Debug|Any CPU.Build.0 = Debug|Any CPU
		{D1724CED-C826-48FC-8419-9B6FAC6CE887}.Release|Any CPU.ActiveCfg = Release|Any CPU
		{D1724CED-C826-48FC-8419-9B6FAC6CE887}.Release|Any CPU.Build.0 = Release|Any CPU
	EndGlobalSection
	GlobalSection(SolutionProperties) = preSolution
		HideSolutionNode = FALSE
	EndGlobalSection
	GlobalSection(ExtensibilityGlobals) = postSolution
		SolutionGuid = {0840AB05-B4D3-4FDD-87A7-7E38524D0096}
	EndGlobalSection
EndGlobal
